// !$*UTF8*$!
{
	archiveVersion = 1;
	classes = {
	};
	objectVersion = 46;
	objects = {

/* Begin PBXBuildFile section */
		3A09D8B81EC3B94800108BDA /* AppDelegate.swift in Sources */ = {isa = PBXBuildFile; fileRef = 3A09D8B71EC3B94800108BDA /* AppDelegate.swift */; };
		3A09D8BA1EC3B94800108BDA /* ViewController.swift in Sources */ = {isa = PBXBuildFile; fileRef = 3A09D8B91EC3B94800108BDA /* ViewController.swift */; };
		3A09D8BD1EC3B94900108BDA /* Main.storyboard in Resources */ = {isa = PBXBuildFile; fileRef = 3A09D8BB1EC3B94900108BDA /* Main.storyboard */; };
		3A09D8BF1EC3B94900108BDA /* Assets.xcassets in Resources */ = {isa = PBXBuildFile; fileRef = 3A09D8BE1EC3B94900108BDA /* Assets.xcassets */; };
		3A09D8C21EC3B94900108BDA /* LaunchScreen.storyboard in Resources */ = {isa = PBXBuildFile; fileRef = 3A09D8C01EC3B94900108BDA /* LaunchScreen.storyboard */; };
		3A09D8CA1EC3BA8300108BDA /* AutomatCommunication.swift in Sources */ = {isa = PBXBuildFile; fileRef = 3A09D8C91EC3BA8300108BDA /* AutomatCommunication.swift */; };
		3A09D8CF1EC3C25800108BDA /* CoreBluetooth.framework in Frameworks */ = {isa = PBXBuildFile; fileRef = 3A09D8CE1EC3C25800108BDA /* CoreBluetooth.framework */; };
		3A0EBF851EC4D42A00306C08 /* NeueLabsAutomat.framework in Frameworks */ = {isa = PBXBuildFile; fileRef = 3A0EBF811EC498A100306C08 /* NeueLabsAutomat.framework */; };
		3A0EBF861EC4D47900306C08 /* NeueLabsAutomat.framework in Frameworks */ = {isa = PBXBuildFile; fileRef = 3A0EBF811EC498A100306C08 /* NeueLabsAutomat.framework */; };
		3A0EBF871EC4D47900306C08 /* NeueLabsAutomat.framework in Embed Frameworks */ = {isa = PBXBuildFile; fileRef = 3A0EBF811EC498A100306C08 /* NeueLabsAutomat.framework */; settings = {ATTRIBUTES = (CodeSignOnCopy, RemoveHeadersOnCopy, ); }; };
		3A55FC541EC65AF9006C38F9 /* DataPoint.swift in Sources */ = {isa = PBXBuildFile; fileRef = 3A55FC531EC65AF9006C38F9 /* DataPoint.swift */; };
/* End PBXBuildFile section */

/* Begin PBXCopyFilesBuildPhase section */
		3A0EBF881EC4D47900306C08 /* Embed Frameworks */ = {
			isa = PBXCopyFilesBuildPhase;
			buildActionMask = 2147483647;
			dstPath = "";
			dstSubfolderSpec = 10;
			files = (
				3A0EBF871EC4D47900306C08 /* NeueLabsAutomat.framework in Embed Frameworks */,
			);
			name = "Embed Frameworks";
			runOnlyForDeploymentPostprocessing = 0;
		};
/* End PBXCopyFilesBuildPhase section */

/* Begin PBXFileReference section */
		3A09D8B41EC3B94800108BDA /* bluetooth sensor.app */ = {isa = PBXFileReference; explicitFileType = wrapper.application; includeInIndex = 0; path = "bluetooth sensor.app"; sourceTree = BUILT_PRODUCTS_DIR; };
		3A09D8B71EC3B94800108BDA /* AppDelegate.swift */ = {isa = PBXFileReference; lastKnownFileType = sourcecode.swift; path = AppDelegate.swift; sourceTree = "<group>"; };
		3A09D8B91EC3B94800108BDA /* ViewController.swift */ = {isa = PBXFileReference; lastKnownFileType = sourcecode.swift; path = ViewController.swift; sourceTree = "<group>"; };
		3A09D8BC1EC3B94900108BDA /* Base */ = {isa = PBXFileReference; lastKnownFileType = file.storyboard; name = Base; path = Base.lproj/Main.storyboard; sourceTree = "<group>"; };
		3A09D8BE1EC3B94900108BDA /* Assets.xcassets */ = {isa = PBXFileReference; lastKnownFileType = folder.assetcatalog; path = Assets.xcassets; sourceTree = "<group>"; };
		3A09D8C11EC3B94900108BDA /* Base */ = {isa = PBXFileReference; lastKnownFileType = file.storyboard; name = Base; path = Base.lproj/LaunchScreen.storyboard; sourceTree = "<group>"; };
		3A09D8C31EC3B94A00108BDA /* Info.plist */ = {isa = PBXFileReference; lastKnownFileType = text.plist.xml; path = Info.plist; sourceTree = "<group>"; };
		3A09D8C91EC3BA8300108BDA /* AutomatCommunication.swift */ = {isa = PBXFileReference; fileEncoding = 4; lastKnownFileType = sourcecode.swift; path = AutomatCommunication.swift; sourceTree = "<group>"; };
		3A09D8CE1EC3C25800108BDA /* CoreBluetooth.framework */ = {isa = PBXFileReference; lastKnownFileType = wrapper.framework; name = CoreBluetooth.framework; path = System/Library/Frameworks/CoreBluetooth.framework; sourceTree = SDKROOT; };
		3A0EBF811EC498A100306C08 /* NeueLabsAutomat.framework */ = {isa = PBXFileReference; lastKnownFileType = wrapper.framework; name = NeueLabsAutomat.framework; path = System/Library/Frameworks/NeueLabsAutomat.framework; sourceTree = SDKROOT; };
		3A55FC531EC65AF9006C38F9 /* DataPoint.swift */ = {isa = PBXFileReference; fileEncoding = 4; lastKnownFileType = sourcecode.swift; path = DataPoint.swift; sourceTree = "<group>"; };
/* End PBXFileReference section */

/* Begin PBXFrameworksBuildPhase section */
		3A09D8B11EC3B94800108BDA /* Frameworks */ = {
			isa = PBXFrameworksBuildPhase;
			buildActionMask = 2147483647;
			files = (
				3A0EBF851EC4D42A00306C08 /* NeueLabsAutomat.framework in Frameworks */,
				3A0EBF861EC4D47900306C08 /* NeueLabsAutomat.framework in Frameworks */,
				3A09D8CF1EC3C25800108BDA /* CoreBluetooth.framework in Frameworks */,
			);
			runOnlyForDeploymentPostprocessing = 0;
		};
/* End PBXFrameworksBuildPhase section */

/* Begin PBXGroup section */
		3A09D8AB1EC3B94800108BDA = {
			isa = PBXGroup;
			children = (
				3A09D8B61EC3B94800108BDA /* bluetooth sensor */,
				3A09D8B51EC3B94800108BDA /* Products */,
				3A09D8CD1EC3C25800108BDA /* Frameworks */,
			);
			sourceTree = "<group>";
		};
		3A09D8B51EC3B94800108BDA /* Products */ = {
			isa = PBXGroup;
			children = (
				3A09D8B41EC3B94800108BDA /* bluetooth sensor.app */,
			);
			name = Products;
			sourceTree = "<group>";
		};
		3A09D8B61EC3B94800108BDA /* bluetooth sensor */ = {
			isa = PBXGroup;
			children = (
				3A09D8B71EC3B94800108BDA /* AppDelegate.swift */,
				3A09D8B91EC3B94800108BDA /* ViewController.swift */,
				3A55FC531EC65AF9006C38F9 /* DataPoint.swift */,
				3A09D8C91EC3BA8300108BDA /* AutomatCommunication.swift */,
				3A09D8BB1EC3B94900108BDA /* Main.storyboard */,
				3A09D8BE1EC3B94900108BDA /* Assets.xcassets */,
				3A09D8C01EC3B94900108BDA /* LaunchScreen.storyboard */,
				3A09D8C31EC3B94A00108BDA /* Info.plist */,
			);
			path = "bluetooth sensor";
			sourceTree = "<group>";
		};
		3A09D8CD1EC3C25800108BDA /* Frameworks */ = {
			isa = PBXGroup;
			children = (
				3A0EBF811EC498A100306C08 /* NeueLabsAutomat.framework */,
				3A09D8CE1EC3C25800108BDA /* CoreBluetooth.framework */,
			);
			name = Frameworks;
			sourceTree = "<group>";
		};
/* End PBXGroup section */

/* Begin PBXNativeTarget section */
		3A09D8B31EC3B94800108BDA /* bluetooth sensor */ = {
			isa = PBXNativeTarget;
			buildConfigurationList = 3A09D8C61EC3B94A00108BDA /* Build configuration list for PBXNativeTarget "bluetooth sensor" */;
			buildPhases = (
				3A09D8B01EC3B94800108BDA /* Sources */,
				3A09D8B11EC3B94800108BDA /* Frameworks */,
				3A09D8B21EC3B94800108BDA /* Resources */,
				3A0EBF881EC4D47900306C08 /* Embed Frameworks */,
			);
			buildRules = (
			);
			dependencies = (
			);
			name = "bluetooth sensor";
			productName = "bluetooth sensor";
			productReference = 3A09D8B41EC3B94800108BDA /* bluetooth sensor.app */;
			productType = "com.apple.product-type.application";
		};
/* End PBXNativeTarget section */

/* Begin PBXProject section */
		3A09D8AC1EC3B94800108BDA /* Project object */ = {
			isa = PBXProject;
			attributes = {
				LastSwiftUpdateCheck = 0830;
				LastUpgradeCheck = 0830;
				ORGANIZATIONNAME = Anton;
				TargetAttributes = {
					3A09D8B31EC3B94800108BDA = {
						CreatedOnToolsVersion = 8.3.2;
						DevelopmentTeam = C9Q2M789GC;
						ProvisioningStyle = Automatic;
					};
				};
			};
			buildConfigurationList = 3A09D8AF1EC3B94800108BDA /* Build configuration list for PBXProject "bluetooth sensor" */;
			compatibilityVersion = "Xcode 3.2";
			developmentRegion = English;
			hasScannedForEncodings = 0;
			knownRegions = (
				en,
				Base,
			);
			mainGroup = 3A09D8AB1EC3B94800108BDA;
			productRefGroup = 3A09D8B51EC3B94800108BDA /* Products */;
			projectDirPath = "";
			projectRoot = "";
			targets = (
				3A09D8B31EC3B94800108BDA /* bluetooth sensor */,
			);
		};
/* End PBXProject section */

/* Begin PBXResourcesBuildPhase section */
		3A09D8B21EC3B94800108BDA /* Resources */ = {
			isa = PBXResourcesBuildPhase;
			buildActionMask = 2147483647;
			files = (
				3A09D8C21EC3B94900108BDA /* LaunchScreen.storyboard in Resources */,
				3A09D8BF1EC3B94900108BDA /* Assets.xcassets in Resources */,
				3A09D8BD1EC3B94900108BDA /* Main.storyboard in Resources */,
			);
			runOnlyForDeploymentPostprocessing = 0;
		};
/* End PBXResourcesBuildPhase section */

/* Begin PBXSourcesBuildPhase section */
		3A09D8B01EC3B94800108BDA /* Sources */ = {
			isa = PBXSourcesBuildPhase;
			buildActionMask = 2147483647;
			files = (
				3A09D8BA1EC3B94800108BDA /* ViewController.swift in Sources */,
				3A09D8B81EC3B94800108BDA /* AppDelegate.swift in Sources */,
				3A55FC541EC65AF9006C38F9 /* DataPoint.swift in Sources */,
				3A09D8CA1EC3BA8300108BDA /* AutomatCommunication.swift in Sources */,
			);
			runOnlyForDeploymentPostprocessing = 0;
		};
/* End PBXSourcesBuildPhase section */

/* Begin PBXVariantGroup section */
		3A09D8BB1EC3B94900108BDA /* Main.storyboard */ = {
			isa = PBXVariantGroup;
			children = (
				3A09D8BC1EC3B94900108BDA /* Base */,
			);
			name = Main.storyboard;
			sourceTree = "<group>";
		};
		3A09D8C01EC3B94900108BDA /* LaunchScreen.storyboard */ = {
			isa = PBXVariantGroup;
			children = (
				3A09D8C11EC3B94900108BDA /* Base */,
			);
			name = LaunchScreen.storyboard;
			sourceTree = "<group>";
		};
/* End PBXVariantGroup section */

/* Begin XCBuildConfiguration section */
		3A09D8C41EC3B94A00108BDA /* Debug */ = {
			isa = XCBuildConfiguration;
			buildSettings = {
				ALWAYS_SEARCH_USER_PATHS = NO;
				CLANG_ANALYZER_NONNULL = YES;
				CLANG_ANALYZER_NUMBER_OBJECT_CONVERSION = YES_AGGRESSIVE;
				CLANG_CXX_LANGUAGE_STANDARD = "gnu++0x";
				CLANG_CXX_LIBRARY = "libc++";
				CLANG_ENABLE_MODULES = YES;
				CLANG_ENABLE_OBJC_ARC = YES;
				CLANG_WARN_BOOL_CONVERSION = YES;
				CLANG_WARN_CONSTANT_CONVERSION = YES;
				CLANG_WARN_DIRECT_OBJC_ISA_USAGE = YES_ERROR;
				CLANG_WARN_DOCUMENTATION_COMMENTS = YES;
				CLANG_WARN_EMPTY_BODY = YES;
				CLANG_WARN_ENUM_CONVERSION = YES;
				CLANG_WARN_INFINITE_RECURSION = YES;
				CLANG_WARN_INT_CONVERSION = YES;
				CLANG_WARN_OBJC_ROOT_CLASS = YES_ERROR;
				CLANG_WARN_SUSPICIOUS_MOVE = YES;
				CLANG_WARN_UNREACHABLE_CODE = YES;
				CLANG_WARN__DUPLICATE_METHOD_MATCH = YES;
				"CODE_SIGN_IDENTITY[sdk=iphoneos*]" = "iPhone Developer";
				COPY_PHASE_STRIP = NO;
				DEBUG_INFORMATION_FORMAT = dwarf;
				ENABLE_STRICT_OBJC_MSGSEND = YES;
				ENABLE_TESTABILITY = YES;
				GCC_C_LANGUAGE_STANDARD = gnu99;
				GCC_DYNAMIC_NO_PIC = NO;
				GCC_NO_COMMON_BLOCKS = YES;
				GCC_OPTIMIZATION_LEVEL = 0;
				GCC_PREPROCESSOR_DEFINITIONS = (
					"DEBUG=1",
					"$(inherited)",
				);
				GCC_WARN_64_TO_32_BIT_CONVERSION = YES;
				GCC_WARN_ABOUT_RETURN_TYPE = YES_ERROR;
				GCC_WARN_UNDECLARED_SELECTOR = YES;
				GCC_WARN_UNINITIALIZED_AUTOS = YES_AGGRESSIVE;
				GCC_WARN_UNUSED_FUNCTION = YES;
				GCC_WARN_UNUSED_VARIABLE = YES;
				IPHONEOS_DEPLOYMENT_TARGET = 10.3;
				MTL_ENABLE_DEBUG_INFO = YES;
				ONLY_ACTIVE_ARCH = YES;
				SDKROOT = iphoneos;
				SWIFT_ACTIVE_COMPILATION_CONDITIONS = DEBUG;
				SWIFT_OPTIMIZATION_LEVEL = "-Onone";
				TARGETED_DEVICE_FAMILY = "1,2";
			};
			name = Debug;
		};
		3A09D8C51EC3B94A00108BDA /* Release */ = {
			isa = XCBuildConfiguration;
			buildSettings = {
				ALWAYS_SEARCH_USER_PATHS = NO;
				CLANG_ANALYZER_NONNULL = YES;
				CLANG_ANALYZER_NUMBER_OBJECT_CONVERSION = YES_AGGRESSIVE;
				CLANG_CXX_LANGUAGE_STANDARD = "gnu++0x";
				CLANG_CXX_LIBRARY = "libc++";
				CLANG_ENABLE_MODULES = YES;
				CLANG_ENABLE_OBJC_ARC = YES;
				CLANG_WARN_BOOL_CONVERSION = YES;
				CLANG_WARN_CONSTANT_CONVERSION = YES;
				CLANG_WARN_DIRECT_OBJC_ISA_USAGE = YES_ERROR;
				CLANG_WARN_DOCUMENTATION_COMMENTS = YES;
				CLANG_WARN_EMPTY_BODY = YES;
				CLANG_WARN_ENUM_CONVERSION = YES;
				CLANG_WARN_INFINITE_RECURSION = YES;
				CLANG_WARN_INT_CONVERSION = YES;
				CLANG_WARN_OBJC_ROOT_CLASS = YES_ERROR;
				CLANG_WARN_SUSPICIOUS_MOVE = YES;
				CLANG_WARN_UNREACHABLE_CODE = YES;
				CLANG_WARN__DUPLICATE_METHOD_MATCH = YES;
				"CODE_SIGN_IDENTITY[sdk=iphoneos*]" = "iPhone Developer";
				COPY_PHASE_STRIP = NO;
				DEBUG_INFORMATION_FORMAT = "dwarf-with-dsym";
				ENABLE_NS_ASSERTIONS = NO;
				ENABLE_STRICT_OBJC_MSGSEND = YES;
				GCC_C_LANGUAGE_STANDARD = gnu99;
				GCC_NO_COMMON_BLOCKS = YES;
				GCC_WARN_64_TO_32_BIT_CONVERSION = YES;
				GCC_WARN_ABOUT_RETURN_TYPE = YES_ERROR;
				GCC_WARN_UNDECLARED_SELECTOR = YES;
				GCC_WARN_UNINITIALIZED_AUTOS = YES_AGGRESSIVE;
				GCC_WARN_UNUSED_FUNCTION = YES;
				GCC_WARN_UNUSED_VARIABLE = YES;
				IPHONEOS_DEPLOYMENT_TARGET = 10.3;
				MTL_ENABLE_DEBUG_INFO = NO;
				SDKROOT = iphoneos;
				SWIFT_OPTIMIZATION_LEVEL = "-Owholemodule";
				TARGETED_DEVICE_FAMILY = "1,2";
				VALIDATE_PRODUCT = YES;
			};
			name = Release;
		};
		3A09D8C71EC3B94A00108BDA /* Debug */ = {
			isa = XCBuildConfiguration;
			buildSettings = {
				ASSETCATALOG_COMPILER_APPICON_NAME = AppIcon;
				DEVELOPMENT_TEAM = C9Q2M789GC;
				ENABLE_BITCODE = NO;
				INFOPLIST_FILE = "bluetooth sensor/Info.plist";
				IPHONEOS_DEPLOYMENT_TARGET = 8.4;
				LD_RUNPATH_SEARCH_PATHS = "$(inherited) @executable_path/Frameworks";
				PRODUCT_BUNDLE_IDENTIFIER = "antonje.bluetooth-sensor";
				PRODUCT_NAME = "$(TARGET_NAME)";
				SWIFT_VERSION = 3.0;
			};
			name = Debug;
		};
		3A09D8C81EC3B94A00108BDA /* Release */ = {
			isa = XCBuildConfiguration;
			buildSettings = {
				ASSETCATALOG_COMPILER_APPICON_NAME = AppIcon;
				DEVELOPMENT_TEAM = C9Q2M789GC;
				ENABLE_BITCODE = NO;
				INFOPLIST_FILE = "bluetooth sensor/Info.plist";
				IPHONEOS_DEPLOYMENT_TARGET = 8.4;
				LD_RUNPATH_SEARCH_PATHS = "$(inherited) @executable_path/Frameworks";
				PRODUCT_BUNDLE_IDENTIFIER = "antonje.bluetooth-sensor";
				PRODUCT_NAME = "$(TARGET_NAME)";
				SWIFT_VERSION = 3.0;
			};
			name = Release;
		};
/* End XCBuildConfiguration section */

/* Begin XCConfigurationList section */
		3A09D8AF1EC3B94800108BDA /* Build configuration list for PBXProject "bluetooth sensor" */ = {
			isa = XCConfigurationList;
			buildConfigurations = (
				3A09D8C41EC3B94A00108BDA /* Debug */,
				3A09D8C51EC3B94A00108BDA /* Release */,
			);
			defaultConfigurationIsVisible = 0;
			defaultConfigurationName = Release;
		};
		3A09D8C61EC3B94A00108BDA /* Build configuration list for PBXNativeTarget "bluetooth sensor" */ = {
			isa = XCConfigurationList;
			buildConfigurations = (
				3A09D8C71EC3B94A00108BDA /* Debug */,
				3A09D8C81EC3B94A00108BDA /* Release */,
			);
			defaultConfigurationIsVisible = 0;
			defaultConfigurationName = Release;
		};
/* End XCConfigurationList section */
	};
	rootObject = 3A09D8AC1EC3B94800108BDA /* Project object */;
}
